// !$*UTF8*$!
{
	archiveVersion = 1;
	classes = {
	};
	objectVersion = 55;
	objects = {

/* Begin PBXBuildFile section */
		2E197484282FBE6200D8A1B0 /* WeatherAppSwiftUIApp.swift in Sources */ = {isa = PBXBuildFile; fileRef = 2E197483282FBE6200D8A1B0 /* WeatherAppSwiftUIApp.swift */; };
		2E197488282FBE6500D8A1B0 /* Assets.xcassets in Resources */ = {isa = PBXBuildFile; fileRef = 2E197487282FBE6500D8A1B0 /* Assets.xcassets */; };
		2E19748B282FBE6500D8A1B0 /* Preview Assets.xcassets in Resources */ = {isa = PBXBuildFile; fileRef = 2E19748A282FBE6500D8A1B0 /* Preview Assets.xcassets */; };
		2E197495282FBE6500D8A1B0 /* WeatherAppSwiftUITests.swift in Sources */ = {isa = PBXBuildFile; fileRef = 2E197494282FBE6500D8A1B0 /* WeatherAppSwiftUITests.swift */; };
		2E19749F282FBE6500D8A1B0 /* WeatherAppSwiftUIUITests.swift in Sources */ = {isa = PBXBuildFile; fileRef = 2E19749E282FBE6500D8A1B0 /* WeatherAppSwiftUIUITests.swift */; };
		2E1974A1282FBE6500D8A1B0 /* WeatherAppSwiftUIUITestsLaunchTests.swift in Sources */ = {isa = PBXBuildFile; fileRef = 2E1974A0282FBE6500D8A1B0 /* WeatherAppSwiftUIUITestsLaunchTests.swift */; };
		2E40EEF32830E8A000D5BEB1 /* forecast.json in Resources */ = {isa = PBXBuildFile; fileRef = 2E40EEF22830E8A000D5BEB1 /* forecast.json */; };
		2E40EEF62831144200D5BEB1 /* WeatherForecastTests.swift in Sources */ = {isa = PBXBuildFile; fileRef = 2E40EEF52831144200D5BEB1 /* WeatherForecastTests.swift */; };
		2E40EEF72831186A00D5BEB1 /* forecast.json in Resources */ = {isa = PBXBuildFile; fileRef = 2E40EEF22830E8A000D5BEB1 /* forecast.json */; };
		2E40EEF82831186A00D5BEB1 /* forecast.json in Resources */ = {isa = PBXBuildFile; fileRef = 2E40EEF22830E8A000D5BEB1 /* forecast.json */; };
		2E40EEFC28311B3D00D5BEB1 /* ForecastView.swift in Sources */ = {isa = PBXBuildFile; fileRef = 2E40EEFB28311B3D00D5BEB1 /* ForecastView.swift */; };
		2E40EEFF28311C6C00D5BEB1 /* DateFormatter+Extension.swift in Sources */ = {isa = PBXBuildFile; fileRef = 2E40EEFE28311C6C00D5BEB1 /* DateFormatter+Extension.swift */; };
		2E40EF0D28312C9700D5BEB1 /* ColorConstants.swift in Sources */ = {isa = PBXBuildFile; fileRef = 2E40EF0C28312C9700D5BEB1 /* ColorConstants.swift */; };
		2E40EF0E28312C9700D5BEB1 /* ColorConstants.swift in Sources */ = {isa = PBXBuildFile; fileRef = 2E40EF0C28312C9700D5BEB1 /* ColorConstants.swift */; };
		2E40EF13283146EB00D5BEB1 /* DailyCardView.swift in Sources */ = {isa = PBXBuildFile; fileRef = 2E40EF12283146EB00D5BEB1 /* DailyCardView.swift */; };
		2E40EF14283146EB00D5BEB1 /* DailyCardView.swift in Sources */ = {isa = PBXBuildFile; fileRef = 2E40EF12283146EB00D5BEB1 /* DailyCardView.swift */; };
		2E40EF1928315E6600D5BEB1 /* TodayCardView.swift in Sources */ = {isa = PBXBuildFile; fileRef = 2E40EF1828315E6600D5BEB1 /* TodayCardView.swift */; };
		2E40EF1A28315E6600D5BEB1 /* TodayCardView.swift in Sources */ = {isa = PBXBuildFile; fileRef = 2E40EF1828315E6600D5BEB1 /* TodayCardView.swift */; };
		2E40EF2B28316FB500D5BEB1 /* ExtrasView.swift in Sources */ = {isa = PBXBuildFile; fileRef = 2E40EF2A28316FB500D5BEB1 /* ExtrasView.swift */; };
		2E40EF2C28316FB500D5BEB1 /* ExtrasView.swift in Sources */ = {isa = PBXBuildFile; fileRef = 2E40EF2A28316FB500D5BEB1 /* ExtrasView.swift */; };
		2E40EF2E283171E600D5BEB1 /* HourlyCardView.swift in Sources */ = {isa = PBXBuildFile; fileRef = 2E40EF2D283171E600D5BEB1 /* HourlyCardView.swift */; };
		2E40EF2F283171E600D5BEB1 /* HourlyCardView.swift in Sources */ = {isa = PBXBuildFile; fileRef = 2E40EF2D283171E600D5BEB1 /* HourlyCardView.swift */; };
		2EB3C8452831A2B3007236CE /* SplashView.swift in Sources */ = {isa = PBXBuildFile; fileRef = 2EB3C8442831A2B3007236CE /* SplashView.swift */; };
		2EB3C8472831A2C7007236CE /* LocationViewModel.swift in Sources */ = {isa = PBXBuildFile; fileRef = 2EB3C8462831A2C7007236CE /* LocationViewModel.swift */; };
		2EB3C8492831A48F007236CE /* LocationErrorView.swift in Sources */ = {isa = PBXBuildFile; fileRef = 2EB3C8482831A48F007236CE /* LocationErrorView.swift */; };
		2EB3C84C2831B619007236CE /* Lottie in Frameworks */ = {isa = PBXBuildFile; productRef = 2EB3C84B2831B619007236CE /* Lottie */; };
		2EB3C8592831B700007236CE /* Config.xcconfig in Resources */ = {isa = PBXBuildFile; fileRef = 2EB3C8582831B700007236CE /* Config.xcconfig */; };
		2EB3C85A2831B700007236CE /* Config.xcconfig in Resources */ = {isa = PBXBuildFile; fileRef = 2EB3C8582831B700007236CE /* Config.xcconfig */; };
		2EB3C85E2831B75E007236CE /* WeatherAnimationView.swift in Sources */ = {isa = PBXBuildFile; fileRef = 2EB3C85D2831B75E007236CE /* WeatherAnimationView.swift */; };
		2EB3C85F2831B75E007236CE /* WeatherAnimationView.swift in Sources */ = {isa = PBXBuildFile; fileRef = 2EB3C85D2831B75E007236CE /* WeatherAnimationView.swift */; };
		2EB3C86B2831B8F3007236CE /* DaySnow.json in Resources */ = {isa = PBXBuildFile; fileRef = 2EB3C8612831B8F2007236CE /* DaySnow.json */; };
		2EB3C86C2831B8F3007236CE /* DaySnow.json in Resources */ = {isa = PBXBuildFile; fileRef = 2EB3C8612831B8F2007236CE /* DaySnow.json */; };
		2EB3C86D2831B8F3007236CE /* DayCloudy.json in Resources */ = {isa = PBXBuildFile; fileRef = 2EB3C8622831B8F2007236CE /* DayCloudy.json */; };
		2EB3C86E2831B8F3007236CE /* DayCloudy.json in Resources */ = {isa = PBXBuildFile; fileRef = 2EB3C8622831B8F2007236CE /* DayCloudy.json */; };
		2EB3C86F2831B8F3007236CE /* NightClearSky.json in Resources */ = {isa = PBXBuildFile; fileRef = 2EB3C8632831B8F2007236CE /* NightClearSky.json */; };
		2EB3C8702831B8F3007236CE /* NightClearSky.json in Resources */ = {isa = PBXBuildFile; fileRef = 2EB3C8632831B8F2007236CE /* NightClearSky.json */; };
		2EB3C8712831B8F3007236CE /* DayPartlyCloudy.json in Resources */ = {isa = PBXBuildFile; fileRef = 2EB3C8642831B8F2007236CE /* DayPartlyCloudy.json */; };
		2EB3C8722831B8F3007236CE /* DayPartlyCloudy.json in Resources */ = {isa = PBXBuildFile; fileRef = 2EB3C8642831B8F2007236CE /* DayPartlyCloudy.json */; };
		2EB3C8732831B8F3007236CE /* NightPartlyCloudy.json in Resources */ = {isa = PBXBuildFile; fileRef = 2EB3C8652831B8F3007236CE /* NightPartlyCloudy.json */; };
		2EB3C8742831B8F3007236CE /* NightPartlyCloudy.json in Resources */ = {isa = PBXBuildFile; fileRef = 2EB3C8652831B8F3007236CE /* NightPartlyCloudy.json */; };
		2EB3C8752831B8F3007236CE /* DayRainy.json in Resources */ = {isa = PBXBuildFile; fileRef = 2EB3C8662831B8F3007236CE /* DayRainy.json */; };
		2EB3C8762831B8F3007236CE /* DayRainy.json in Resources */ = {isa = PBXBuildFile; fileRef = 2EB3C8662831B8F3007236CE /* DayRainy.json */; };
		2EB3C8772831B8F3007236CE /* NightRainy.json in Resources */ = {isa = PBXBuildFile; fileRef = 2EB3C8672831B8F3007236CE /* NightRainy.json */; };
		2EB3C8782831B8F3007236CE /* NightRainy.json in Resources */ = {isa = PBXBuildFile; fileRef = 2EB3C8672831B8F3007236CE /* NightRainy.json */; };
		2EB3C8792831B8F3007236CE /* NightSnow.json in Resources */ = {isa = PBXBuildFile; fileRef = 2EB3C8682831B8F3007236CE /* NightSnow.json */; };
		2EB3C87A2831B8F3007236CE /* NightSnow.json in Resources */ = {isa = PBXBuildFile; fileRef = 2EB3C8682831B8F3007236CE /* NightSnow.json */; };
		2EB3C87B2831B8F3007236CE /* DayClearSky.json in Resources */ = {isa = PBXBuildFile; fileRef = 2EB3C8692831B8F3007236CE /* DayClearSky.json */; };
		2EB3C87C2831B8F3007236CE /* DayClearSky.json in Resources */ = {isa = PBXBuildFile; fileRef = 2EB3C8692831B8F3007236CE /* DayClearSky.json */; };
		2EB3C87D2831B8F3007236CE /* NightCloudy.json in Resources */ = {isa = PBXBuildFile; fileRef = 2EB3C86A2831B8F3007236CE /* NightCloudy.json */; };
		2EB3C87E2831B8F3007236CE /* NightCloudy.json in Resources */ = {isa = PBXBuildFile; fileRef = 2EB3C86A2831B8F3007236CE /* NightCloudy.json */; };
		2EC62F8428303E6C00A01E45 /* WeatherAppNetwork in Frameworks */ = {isa = PBXBuildFile; productRef = 2EC62F8328303E6C00A01E45 /* WeatherAppNetwork */; };
		2EC62F8C28303F4C00A01E45 /* ForecastService.swift in Sources */ = {isa = PBXBuildFile; fileRef = 2EC62F8B28303F4C00A01E45 /* ForecastService.swift */; };
		2EC62F8F2830470800A01E45 /* WeatherAppLogger in Frameworks */ = {isa = PBXBuildFile; productRef = 2EC62F8E2830470800A01E45 /* WeatherAppLogger */; };
		2EC62F932830530300A01E45 /* Forecast.swift in Sources */ = {isa = PBXBuildFile; fileRef = 2EC62F922830530300A01E45 /* Forecast.swift */; };
		2EC62F96283057E400A01E45 /* ForecastViewModel.swift in Sources */ = {isa = PBXBuildFile; fileRef = 2EC62F95283057E400A01E45 /* ForecastViewModel.swift */; };
/* End PBXBuildFile section */

/* Begin PBXContainerItemProxy section */
		2E197491282FBE6500D8A1B0 /* PBXContainerItemProxy */ = {
			isa = PBXContainerItemProxy;
			containerPortal = 2E197478282FBE6200D8A1B0 /* Project object */;
			proxyType = 1;
			remoteGlobalIDString = 2E19747F282FBE6200D8A1B0;
			remoteInfo = WeatherAppSwiftUI;
		};
		2E19749B282FBE6500D8A1B0 /* PBXContainerItemProxy */ = {
			isa = PBXContainerItemProxy;
			containerPortal = 2E197478282FBE6200D8A1B0 /* Project object */;
			proxyType = 1;
			remoteGlobalIDString = 2E19747F282FBE6200D8A1B0;
			remoteInfo = WeatherAppSwiftUI;
		};
/* End PBXContainerItemProxy section */

/* Begin PBXFileReference section */
		2E197480282FBE6200D8A1B0 /* WeatherAppSwiftUI.app */ = {isa = PBXFileReference; explicitFileType = wrapper.application; includeInIndex = 0; path = WeatherAppSwiftUI.app; sourceTree = BUILT_PRODUCTS_DIR; };
		2E197483282FBE6200D8A1B0 /* WeatherAppSwiftUIApp.swift */ = {isa = PBXFileReference; lastKnownFileType = sourcecode.swift; path = WeatherAppSwiftUIApp.swift; sourceTree = "<group>"; };
		2E197487282FBE6500D8A1B0 /* Assets.xcassets */ = {isa = PBXFileReference; lastKnownFileType = folder.assetcatalog; path = Assets.xcassets; sourceTree = "<group>"; };
		2E19748A282FBE6500D8A1B0 /* Preview Assets.xcassets */ = {isa = PBXFileReference; lastKnownFileType = folder.assetcatalog; path = "Preview Assets.xcassets"; sourceTree = "<group>"; };
		2E197490282FBE6500D8A1B0 /* WeatherAppSwiftUITests.xctest */ = {isa = PBXFileReference; explicitFileType = wrapper.cfbundle; includeInIndex = 0; path = WeatherAppSwiftUITests.xctest; sourceTree = BUILT_PRODUCTS_DIR; };
		2E197494282FBE6500D8A1B0 /* WeatherAppSwiftUITests.swift */ = {isa = PBXFileReference; lastKnownFileType = sourcecode.swift; path = WeatherAppSwiftUITests.swift; sourceTree = "<group>"; };
		2E19749A282FBE6500D8A1B0 /* WeatherAppSwiftUIUITests.xctest */ = {isa = PBXFileReference; explicitFileType = wrapper.cfbundle; includeInIndex = 0; path = WeatherAppSwiftUIUITests.xctest; sourceTree = BUILT_PRODUCTS_DIR; };
		2E19749E282FBE6500D8A1B0 /* WeatherAppSwiftUIUITests.swift */ = {isa = PBXFileReference; lastKnownFileType = sourcecode.swift; path = WeatherAppSwiftUIUITests.swift; sourceTree = "<group>"; };
		2E1974A0282FBE6500D8A1B0 /* WeatherAppSwiftUIUITestsLaunchTests.swift */ = {isa = PBXFileReference; lastKnownFileType = sourcecode.swift; path = WeatherAppSwiftUIUITestsLaunchTests.swift; sourceTree = "<group>"; };
		2E40EEF22830E8A000D5BEB1 /* forecast.json */ = {isa = PBXFileReference; lastKnownFileType = text.json; path = forecast.json; sourceTree = "<group>"; };
		2E40EEF52831144200D5BEB1 /* WeatherForecastTests.swift */ = {isa = PBXFileReference; lastKnownFileType = sourcecode.swift; path = WeatherForecastTests.swift; sourceTree = "<group>"; };
		2E40EEFB28311B3D00D5BEB1 /* ForecastView.swift */ = {isa = PBXFileReference; lastKnownFileType = sourcecode.swift; path = ForecastView.swift; sourceTree = "<group>"; };
		2E40EEFE28311C6C00D5BEB1 /* DateFormatter+Extension.swift */ = {isa = PBXFileReference; lastKnownFileType = sourcecode.swift; path = "DateFormatter+Extension.swift"; sourceTree = "<group>"; };
		2E40EF0C28312C9700D5BEB1 /* ColorConstants.swift */ = {isa = PBXFileReference; lastKnownFileType = sourcecode.swift; path = ColorConstants.swift; sourceTree = "<group>"; };
		2E40EF12283146EB00D5BEB1 /* DailyCardView.swift */ = {isa = PBXFileReference; lastKnownFileType = sourcecode.swift; path = DailyCardView.swift; sourceTree = "<group>"; };
		2E40EF1828315E6600D5BEB1 /* TodayCardView.swift */ = {isa = PBXFileReference; lastKnownFileType = sourcecode.swift; path = TodayCardView.swift; sourceTree = "<group>"; };
		2E40EF2A28316FB500D5BEB1 /* ExtrasView.swift */ = {isa = PBXFileReference; lastKnownFileType = sourcecode.swift; path = ExtrasView.swift; sourceTree = "<group>"; };
		2E40EF2D283171E600D5BEB1 /* HourlyCardView.swift */ = {isa = PBXFileReference; lastKnownFileType = sourcecode.swift; path = HourlyCardView.swift; sourceTree = "<group>"; };
		2E40EF332831821700D5BEB1 /* Info.plist */ = {isa = PBXFileReference; lastKnownFileType = text.plist; path = Info.plist; sourceTree = "<group>"; };
		2EB3C8442831A2B3007236CE /* SplashView.swift */ = {isa = PBXFileReference; lastKnownFileType = sourcecode.swift; path = SplashView.swift; sourceTree = "<group>"; };
		2EB3C8462831A2C7007236CE /* LocationViewModel.swift */ = {isa = PBXFileReference; lastKnownFileType = sourcecode.swift; path = LocationViewModel.swift; sourceTree = "<group>"; };
		2EB3C8482831A48F007236CE /* LocationErrorView.swift */ = {isa = PBXFileReference; lastKnownFileType = sourcecode.swift; path = LocationErrorView.swift; sourceTree = "<group>"; };
		2EB3C8582831B700007236CE /* Config.xcconfig */ = {isa = PBXFileReference; fileEncoding = 4; lastKnownFileType = text.xcconfig; path = Config.xcconfig; sourceTree = "<group>"; };
		2EB3C85D2831B75E007236CE /* WeatherAnimationView.swift */ = {isa = PBXFileReference; lastKnownFileType = sourcecode.swift; path = WeatherAnimationView.swift; sourceTree = "<group>"; };
		2EB3C8612831B8F2007236CE /* DaySnow.json */ = {isa = PBXFileReference; fileEncoding = 4; lastKnownFileType = text.json; path = DaySnow.json; sourceTree = "<group>"; };
		2EB3C8622831B8F2007236CE /* DayCloudy.json */ = {isa = PBXFileReference; fileEncoding = 4; lastKnownFileType = text.json; path = DayCloudy.json; sourceTree = "<group>"; };
		2EB3C8632831B8F2007236CE /* NightClearSky.json */ = {isa = PBXFileReference; fileEncoding = 4; lastKnownFileType = text.json; path = NightClearSky.json; sourceTree = "<group>"; };
		2EB3C8642831B8F2007236CE /* DayPartlyCloudy.json */ = {isa = PBXFileReference; fileEncoding = 4; lastKnownFileType = text.json; path = DayPartlyCloudy.json; sourceTree = "<group>"; };
		2EB3C8652831B8F3007236CE /* NightPartlyCloudy.json */ = {isa = PBXFileReference; fileEncoding = 4; lastKnownFileType = text.json; path = NightPartlyCloudy.json; sourceTree = "<group>"; };
		2EB3C8662831B8F3007236CE /* DayRainy.json */ = {isa = PBXFileReference; fileEncoding = 4; lastKnownFileType = text.json; path = DayRainy.json; sourceTree = "<group>"; };
		2EB3C8672831B8F3007236CE /* NightRainy.json */ = {isa = PBXFileReference; fileEncoding = 4; lastKnownFileType = text.json; path = NightRainy.json; sourceTree = "<group>"; };
		2EB3C8682831B8F3007236CE /* NightSnow.json */ = {isa = PBXFileReference; fileEncoding = 4; lastKnownFileType = text.json; path = NightSnow.json; sourceTree = "<group>"; };
		2EB3C8692831B8F3007236CE /* DayClearSky.json */ = {isa = PBXFileReference; fileEncoding = 4; lastKnownFileType = text.json; path = DayClearSky.json; sourceTree = "<group>"; };
		2EB3C86A2831B8F3007236CE /* NightCloudy.json */ = {isa = PBXFileReference; fileEncoding = 4; lastKnownFileType = text.json; path = NightCloudy.json; sourceTree = "<group>"; };
		2EC62F8B28303F4C00A01E45 /* ForecastService.swift */ = {isa = PBXFileReference; lastKnownFileType = sourcecode.swift; path = ForecastService.swift; sourceTree = "<group>"; };
		2EC62F922830530300A01E45 /* Forecast.swift */ = {isa = PBXFileReference; lastKnownFileType = sourcecode.swift; path = Forecast.swift; sourceTree = "<group>"; };
		2EC62F95283057E400A01E45 /* ForecastViewModel.swift */ = {isa = PBXFileReference; lastKnownFileType = sourcecode.swift; path = ForecastViewModel.swift; sourceTree = "<group>"; };
/* End PBXFileReference section */

/* Begin PBXFrameworksBuildPhase section */
		2E19747D282FBE6200D8A1B0 /* Frameworks */ = {
			isa = PBXFrameworksBuildPhase;
			buildActionMask = 2147483647;
			files = (
				2EC62F8428303E6C00A01E45 /* WeatherAppNetwork in Frameworks */,
				2EC62F8F2830470800A01E45 /* WeatherAppLogger in Frameworks */,
				2EB3C84C2831B619007236CE /* Lottie in Frameworks */,
			);
			runOnlyForDeploymentPostprocessing = 0;
		};
		2E19748D282FBE6500D8A1B0 /* Frameworks */ = {
			isa = PBXFrameworksBuildPhase;
			buildActionMask = 2147483647;
			files = (
			);
			runOnlyForDeploymentPostprocessing = 0;
		};
		2E197497282FBE6500D8A1B0 /* Frameworks */ = {
			isa = PBXFrameworksBuildPhase;
			buildActionMask = 2147483647;
			files = (
			);
			runOnlyForDeploymentPostprocessing = 0;
		};
/* End PBXFrameworksBuildPhase section */

/* Begin PBXGroup section */
		2E197477282FBE6200D8A1B0 = {
			isa = PBXGroup;
			children = (
				2E197482282FBE6200D8A1B0 /* WeatherAppSwiftUI */,
				2E197493282FBE6500D8A1B0 /* WeatherAppSwiftUITests */,
				2E19749D282FBE6500D8A1B0 /* WeatherAppSwiftUIUITests */,
				2E197481282FBE6200D8A1B0 /* Products */,
			);
			sourceTree = "<group>";
		};
		2E197481282FBE6200D8A1B0 /* Products */ = {
			isa = PBXGroup;
			children = (
				2E197480282FBE6200D8A1B0 /* WeatherAppSwiftUI.app */,
				2E197490282FBE6500D8A1B0 /* WeatherAppSwiftUITests.xctest */,
				2E19749A282FBE6500D8A1B0 /* WeatherAppSwiftUIUITests.xctest */,
			);
			name = Products;
			sourceTree = "<group>";
		};
		2E197482282FBE6200D8A1B0 /* WeatherAppSwiftUI */ = {
			isa = PBXGroup;
			children = (
				2EB3C8582831B700007236CE /* Config.xcconfig */,
				2E40EF332831821700D5BEB1 /* Info.plist */,
				2E40EEFD28311B5200D5BEB1 /* App */,
				2EB3C84D2831B621007236CE /* Scenes */,
				2EB3C85B2831B719007236CE /* CustomView */,
				2EC62F8928303EF300A01E45 /* Extensions */,
				2EC62F8828303EEF00A01E45 /* Utilities */,
				2EC62F8728303EE700A01E45 /* Services */,
				2EC62F8528303ECE00A01E45 /* Resources */,
				2E197489282FBE6500D8A1B0 /* Preview Content */,
			);
			path = WeatherAppSwiftUI;
			sourceTree = "<group>";
		};
		2E197489282FBE6500D8A1B0 /* Preview Content */ = {
			isa = PBXGroup;
			children = (
				2E19748A282FBE6500D8A1B0 /* Preview Assets.xcassets */,
			);
			path = "Preview Content";
			sourceTree = "<group>";
		};
		2E197493282FBE6500D8A1B0 /* WeatherAppSwiftUITests */ = {
			isa = PBXGroup;
			children = (
				2E40EEF42831140000D5BEB1 /* Resources */,
				2E197494282FBE6500D8A1B0 /* WeatherAppSwiftUITests.swift */,
				2E40EEF52831144200D5BEB1 /* WeatherForecastTests.swift */,
			);
			path = WeatherAppSwiftUITests;
			sourceTree = "<group>";
		};
		2E19749D282FBE6500D8A1B0 /* WeatherAppSwiftUIUITests */ = {
			isa = PBXGroup;
			children = (
				2E19749E282FBE6500D8A1B0 /* WeatherAppSwiftUIUITests.swift */,
				2E1974A0282FBE6500D8A1B0 /* WeatherAppSwiftUIUITestsLaunchTests.swift */,
			);
			path = WeatherAppSwiftUIUITests;
			sourceTree = "<group>";
		};
		2E40EEF42831140000D5BEB1 /* Resources */ = {
			isa = PBXGroup;
			children = (
				2E40EEF22830E8A000D5BEB1 /* forecast.json */,
			);
			path = Resources;
			sourceTree = "<group>";
		};
		2E40EEFA28311B0900D5BEB1 /* ForecastScene */ = {
			isa = PBXGroup;
			children = (
				2EB3C8572831B6B3007236CE /* Model */,
				2EB3C8562831B6AB007236CE /* View */,
				2EB3C8552831B6A6007236CE /* ViewModel */,
			);
			path = ForecastScene;
			sourceTree = "<group>";
		};
		2E40EEFD28311B5200D5BEB1 /* App */ = {
			isa = PBXGroup;
			children = (
				2E197483282FBE6200D8A1B0 /* WeatherAppSwiftUIApp.swift */,
			);
			path = App;
			sourceTree = "<group>";
		};
		2EB3C8432831A28F007236CE /* SplashScene */ = {
			isa = PBXGroup;
			children = (
				2EB3C8542831B697007236CE /* ViewModel */,
				2EB3C8442831A2B3007236CE /* SplashView.swift */,
				2EB3C8482831A48F007236CE /* LocationErrorView.swift */,
			);
			path = SplashScene;
			sourceTree = "<group>";
		};
		2EB3C84D2831B621007236CE /* Scenes */ = {
			isa = PBXGroup;
			children = (
				2EB3C8432831A28F007236CE /* SplashScene */,
				2E40EEFA28311B0900D5BEB1 /* ForecastScene */,
			);
			path = Scenes;
			sourceTree = "<group>";
		};
		2EB3C8542831B697007236CE /* ViewModel */ = {
			isa = PBXGroup;
			children = (
				2EB3C8462831A2C7007236CE /* LocationViewModel.swift */,
			);
			path = ViewModel;
			sourceTree = "<group>";
		};
		2EB3C8552831B6A6007236CE /* ViewModel */ = {
			isa = PBXGroup;
			children = (
				2EC62F95283057E400A01E45 /* ForecastViewModel.swift */,
			);
			path = ViewModel;
			sourceTree = "<group>";
		};
		2EB3C8562831B6AB007236CE /* View */ = {
			isa = PBXGroup;
			children = (
				2E40EEFB28311B3D00D5BEB1 /* ForecastView.swift */,
				2E40EF12283146EB00D5BEB1 /* DailyCardView.swift */,
				2E40EF1828315E6600D5BEB1 /* TodayCardView.swift */,
				2E40EF2A28316FB500D5BEB1 /* ExtrasView.swift */,
				2E40EF2D283171E600D5BEB1 /* HourlyCardView.swift */,
			);
			path = View;
			sourceTree = "<group>";
		};
		2EB3C8572831B6B3007236CE /* Model */ = {
			isa = PBXGroup;
			children = (
				2EC62F922830530300A01E45 /* Forecast.swift */,
			);
			path = Model;
			sourceTree = "<group>";
		};
		2EB3C85B2831B719007236CE /* CustomView */ = {
			isa = PBXGroup;
			children = (
				2EB3C85D2831B75E007236CE /* WeatherAnimationView.swift */,
			);
			path = CustomView;
			sourceTree = "<group>";
		};
		2EB3C8602831B8C9007236CE /* Animations */ = {
			isa = PBXGroup;
			children = (
				2EB3C8692831B8F3007236CE /* DayClearSky.json */,
				2EB3C8622831B8F2007236CE /* DayCloudy.json */,
				2EB3C8642831B8F2007236CE /* DayPartlyCloudy.json */,
				2EB3C8662831B8F3007236CE /* DayRainy.json */,
				2EB3C8612831B8F2007236CE /* DaySnow.json */,
				2EB3C8632831B8F2007236CE /* NightClearSky.json */,
				2EB3C86A2831B8F3007236CE /* NightCloudy.json */,
				2EB3C8652831B8F3007236CE /* NightPartlyCloudy.json */,
				2EB3C8672831B8F3007236CE /* NightRainy.json */,
				2EB3C8682831B8F3007236CE /* NightSnow.json */,
			);
			path = Animations;
			sourceTree = "<group>";
		};
		2EC62F8528303ECE00A01E45 /* Resources */ = {
			isa = PBXGroup;
			children = (
				2EB3C8602831B8C9007236CE /* Animations */,
				2E197487282FBE6500D8A1B0 /* Assets.xcassets */,
			);
			path = Resources;
			sourceTree = "<group>";
		};
		2EC62F8728303EE700A01E45 /* Services */ = {
			isa = PBXGroup;
			children = (
				2EC62F8B28303F4C00A01E45 /* ForecastService.swift */,
			);
			path = Services;
			sourceTree = "<group>";
		};
		2EC62F8828303EEF00A01E45 /* Utilities */ = {
			isa = PBXGroup;
			children = (
				2E40EF0C28312C9700D5BEB1 /* ColorConstants.swift */,
			);
			path = Utilities;
			sourceTree = "<group>";
		};
		2EC62F8928303EF300A01E45 /* Extensions */ = {
			isa = PBXGroup;
			children = (
				2E40EEFE28311C6C00D5BEB1 /* DateFormatter+Extension.swift */,
			);
			path = Extensions;
			sourceTree = "<group>";
		};
/* End PBXGroup section */

/* Begin PBXNativeTarget section */
		2E19747F282FBE6200D8A1B0 /* WeatherAppSwiftUI */ = {
			isa = PBXNativeTarget;
			buildConfigurationList = 2E1974A4282FBE6500D8A1B0 /* Build configuration list for PBXNativeTarget "WeatherAppSwiftUI" */;
			buildPhases = (
				2E19747C282FBE6200D8A1B0 /* Sources */,
				2E19747D282FBE6200D8A1B0 /* Frameworks */,
				2E19747E282FBE6200D8A1B0 /* Resources */,
			);
			buildRules = (
			);
			dependencies = (
			);
			name = WeatherAppSwiftUI;
			packageProductDependencies = (
				2EC62F8328303E6C00A01E45 /* WeatherAppNetwork */,
				2EC62F8E2830470800A01E45 /* WeatherAppLogger */,
				2EB3C84B2831B619007236CE /* Lottie */,
			);
			productName = WeatherAppSwiftUI;
			productReference = 2E197480282FBE6200D8A1B0 /* WeatherAppSwiftUI.app */;
			productType = "com.apple.product-type.application";
		};
		2E19748F282FBE6500D8A1B0 /* WeatherAppSwiftUITests */ = {
			isa = PBXNativeTarget;
			buildConfigurationList = 2E1974A7282FBE6500D8A1B0 /* Build configuration list for PBXNativeTarget "WeatherAppSwiftUITests" */;
			buildPhases = (
				2E19748C282FBE6500D8A1B0 /* Sources */,
				2E19748D282FBE6500D8A1B0 /* Frameworks */,
				2E19748E282FBE6500D8A1B0 /* Resources */,
			);
			buildRules = (
			);
			dependencies = (
				2E197492282FBE6500D8A1B0 /* PBXTargetDependency */,
			);
			name = WeatherAppSwiftUITests;
			productName = WeatherAppSwiftUITests;
			productReference = 2E197490282FBE6500D8A1B0 /* WeatherAppSwiftUITests.xctest */;
			productType = "com.apple.product-type.bundle.unit-test";
		};
		2E197499282FBE6500D8A1B0 /* WeatherAppSwiftUIUITests */ = {
			isa = PBXNativeTarget;
			buildConfigurationList = 2E1974AA282FBE6500D8A1B0 /* Build configuration list for PBXNativeTarget "WeatherAppSwiftUIUITests" */;
			buildPhases = (
				2E197496282FBE6500D8A1B0 /* Sources */,
				2E197497282FBE6500D8A1B0 /* Frameworks */,
				2E197498282FBE6500D8A1B0 /* Resources */,
			);
			buildRules = (
			);
			dependencies = (
				2E19749C282FBE6500D8A1B0 /* PBXTargetDependency */,
			);
			name = WeatherAppSwiftUIUITests;
			productName = WeatherAppSwiftUIUITests;
			productReference = 2E19749A282FBE6500D8A1B0 /* WeatherAppSwiftUIUITests.xctest */;
			productType = "com.apple.product-type.bundle.ui-testing";
		};
/* End PBXNativeTarget section */

/* Begin PBXProject section */
		2E197478282FBE6200D8A1B0 /* Project object */ = {
			isa = PBXProject;
			attributes = {
				BuildIndependentTargetsInParallel = 1;
				LastSwiftUpdateCheck = 1330;
				LastUpgradeCheck = 1330;
				TargetAttributes = {
					2E19747F282FBE6200D8A1B0 = {
						CreatedOnToolsVersion = 13.3.1;
					};
					2E19748F282FBE6500D8A1B0 = {
						CreatedOnToolsVersion = 13.3.1;
						TestTargetID = 2E19747F282FBE6200D8A1B0;
					};
					2E197499282FBE6500D8A1B0 = {
						CreatedOnToolsVersion = 13.3.1;
						TestTargetID = 2E19747F282FBE6200D8A1B0;
					};
				};
			};
			buildConfigurationList = 2E19747B282FBE6200D8A1B0 /* Build configuration list for PBXProject "WeatherAppSwiftUI" */;
			compatibilityVersion = "Xcode 13.0";
			developmentRegion = en;
			hasScannedForEncodings = 0;
			knownRegions = (
				en,
				Base,
			);
			mainGroup = 2E197477282FBE6200D8A1B0;
			packageReferences = (
				2EC62F8228303E6C00A01E45 /* XCRemoteSwiftPackageReference "WeatherAppNetwork" */,
				2EC62F8D2830470800A01E45 /* XCRemoteSwiftPackageReference "WeatherAppLogger" */,
				2EB3C84A2831B619007236CE /* XCRemoteSwiftPackageReference "lottie-ios" */,
			);
			productRefGroup = 2E197481282FBE6200D8A1B0 /* Products */;
			projectDirPath = "";
			projectRoot = "";
			targets = (
				2E19747F282FBE6200D8A1B0 /* WeatherAppSwiftUI */,
				2E19748F282FBE6500D8A1B0 /* WeatherAppSwiftUITests */,
				2E197499282FBE6500D8A1B0 /* WeatherAppSwiftUIUITests */,
			);
		};
/* End PBXProject section */

/* Begin PBXResourcesBuildPhase section */
		2E19747E282FBE6200D8A1B0 /* Resources */ = {
			isa = PBXResourcesBuildPhase;
			buildActionMask = 2147483647;
			files = (
				2EB3C8592831B700007236CE /* Config.xcconfig in Resources */,
				2E19748B282FBE6500D8A1B0 /* Preview Assets.xcassets in Resources */,
				2EB3C87D2831B8F3007236CE /* NightCloudy.json in Resources */,
				2EB3C8752831B8F3007236CE /* DayRainy.json in Resources */,
				2EB3C8792831B8F3007236CE /* NightSnow.json in Resources */,
				2EB3C86D2831B8F3007236CE /* DayCloudy.json in Resources */,
				2E40EEF32830E8A000D5BEB1 /* forecast.json in Resources */,
				2EB3C86F2831B8F3007236CE /* NightClearSky.json in Resources */,
				2EB3C8772831B8F3007236CE /* NightRainy.json in Resources */,
				2E197488282FBE6500D8A1B0 /* Assets.xcassets in Resources */,
				2EB3C8732831B8F3007236CE /* NightPartlyCloudy.json in Resources */,
				2EB3C8712831B8F3007236CE /* DayPartlyCloudy.json in Resources */,
				2EB3C87B2831B8F3007236CE /* DayClearSky.json in Resources */,
				2EB3C86B2831B8F3007236CE /* DaySnow.json in Resources */,
			);
			runOnlyForDeploymentPostprocessing = 0;
		};
		2E19748E282FBE6500D8A1B0 /* Resources */ = {
			isa = PBXResourcesBuildPhase;
			buildActionMask = 2147483647;
			files = (
				2EB3C8742831B8F3007236CE /* NightPartlyCloudy.json in Resources */,
				2EB3C8722831B8F3007236CE /* DayPartlyCloudy.json in Resources */,
				2EB3C87E2831B8F3007236CE /* NightCloudy.json in Resources */,
				2EB3C86E2831B8F3007236CE /* DayCloudy.json in Resources */,
				2EB3C87C2831B8F3007236CE /* DayClearSky.json in Resources */,
				2EB3C8702831B8F3007236CE /* NightClearSky.json in Resources */,
				2EB3C8782831B8F3007236CE /* NightRainy.json in Resources */,
				2EB3C85A2831B700007236CE /* Config.xcconfig in Resources */,
				2E40EEF72831186A00D5BEB1 /* forecast.json in Resources */,
				2EB3C8762831B8F3007236CE /* DayRainy.json in Resources */,
				2EB3C86C2831B8F3007236CE /* DaySnow.json in Resources */,
				2EB3C87A2831B8F3007236CE /* NightSnow.json in Resources */,
			);
			runOnlyForDeploymentPostprocessing = 0;
		};
		2E197498282FBE6500D8A1B0 /* Resources */ = {
			isa = PBXResourcesBuildPhase;
			buildActionMask = 2147483647;
			files = (
				2E40EEF82831186A00D5BEB1 /* forecast.json in Resources */,
			);
			runOnlyForDeploymentPostprocessing = 0;
		};
/* End PBXResourcesBuildPhase section */

/* Begin PBXSourcesBuildPhase section */
		2E19747C282FBE6200D8A1B0 /* Sources */ = {
			isa = PBXSourcesBuildPhase;
			buildActionMask = 2147483647;
			files = (
				2EC62F96283057E400A01E45 /* ForecastViewModel.swift in Sources */,
				2E40EEFF28311C6C00D5BEB1 /* DateFormatter+Extension.swift in Sources */,
				2EB3C85E2831B75E007236CE /* WeatherAnimationView.swift in Sources */,
				2E40EF2E283171E600D5BEB1 /* HourlyCardView.swift in Sources */,
				2E40EF0D28312C9700D5BEB1 /* ColorConstants.swift in Sources */,
				2EC62F932830530300A01E45 /* Forecast.swift in Sources */,
				2EB3C8452831A2B3007236CE /* SplashView.swift in Sources */,
				2E197484282FBE6200D8A1B0 /* WeatherAppSwiftUIApp.swift in Sources */,
				2E40EF13283146EB00D5BEB1 /* DailyCardView.swift in Sources */,
				2E40EEFC28311B3D00D5BEB1 /* ForecastView.swift in Sources */,
				2EB3C8472831A2C7007236CE /* LocationViewModel.swift in Sources */,
				2EC62F8C28303F4C00A01E45 /* ForecastService.swift in Sources */,
				2EB3C8492831A48F007236CE /* LocationErrorView.swift in Sources */,
				2E40EF2B28316FB500D5BEB1 /* ExtrasView.swift in Sources */,
				2E40EF1928315E6600D5BEB1 /* TodayCardView.swift in Sources */,
			);
			runOnlyForDeploymentPostprocessing = 0;
		};
		2E19748C282FBE6500D8A1B0 /* Sources */ = {
			isa = PBXSourcesBuildPhase;
			buildActionMask = 2147483647;
			files = (
				2E40EF0E28312C9700D5BEB1 /* ColorConstants.swift in Sources */,
				2E40EF2C28316FB500D5BEB1 /* ExtrasView.swift in Sources */,
				2E197495282FBE6500D8A1B0 /* WeatherAppSwiftUITests.swift in Sources */,
				2E40EF1A28315E6600D5BEB1 /* TodayCardView.swift in Sources */,
				2E40EF14283146EB00D5BEB1 /* DailyCardView.swift in Sources */,
				2E40EEF62831144200D5BEB1 /* WeatherForecastTests.swift in Sources */,
				2E40EF2F283171E600D5BEB1 /* HourlyCardView.swift in Sources */,
				2EB3C85F2831B75E007236CE /* WeatherAnimationView.swift in Sources */,
			);
			runOnlyForDeploymentPostprocessing = 0;
		};
		2E197496282FBE6500D8A1B0 /* Sources */ = {
			isa = PBXSourcesBuildPhase;
			buildActionMask = 2147483647;
			files = (
				2E19749F282FBE6500D8A1B0 /* WeatherAppSwiftUIUITests.swift in Sources */,
				2E1974A1282FBE6500D8A1B0 /* WeatherAppSwiftUIUITestsLaunchTests.swift in Sources */,
			);
			runOnlyForDeploymentPostprocessing = 0;
		};
/* End PBXSourcesBuildPhase section */

/* Begin PBXTargetDependency section */
		2E197492282FBE6500D8A1B0 /* PBXTargetDependency */ = {
			isa = PBXTargetDependency;
			target = 2E19747F282FBE6200D8A1B0 /* WeatherAppSwiftUI */;
			targetProxy = 2E197491282FBE6500D8A1B0 /* PBXContainerItemProxy */;
		};
		2E19749C282FBE6500D8A1B0 /* PBXTargetDependency */ = {
			isa = PBXTargetDependency;
			target = 2E19747F282FBE6200D8A1B0 /* WeatherAppSwiftUI */;
			targetProxy = 2E19749B282FBE6500D8A1B0 /* PBXContainerItemProxy */;
		};
/* End PBXTargetDependency section */

/* Begin XCBuildConfiguration section */
		2E1974A2282FBE6500D8A1B0 /* Debug */ = {
			isa = XCBuildConfiguration;
			baseConfigurationReference = 2EB3C8582831B700007236CE /* Config.xcconfig */;
			buildSettings = {
				ALWAYS_SEARCH_USER_PATHS = NO;
				CLANG_ANALYZER_NONNULL = YES;
				CLANG_ANALYZER_NUMBER_OBJECT_CONVERSION = YES_AGGRESSIVE;
				CLANG_CXX_LANGUAGE_STANDARD = "gnu++17";
				CLANG_ENABLE_MODULES = YES;
				CLANG_ENABLE_OBJC_ARC = YES;
				CLANG_ENABLE_OBJC_WEAK = YES;
				CLANG_WARN_BLOCK_CAPTURE_AUTORELEASING = YES;
				CLANG_WARN_BOOL_CONVERSION = YES;
				CLANG_WARN_COMMA = YES;
				CLANG_WARN_CONSTANT_CONVERSION = YES;
				CLANG_WARN_DEPRECATED_OBJC_IMPLEMENTATIONS = YES;
				CLANG_WARN_DIRECT_OBJC_ISA_USAGE = YES_ERROR;
				CLANG_WARN_DOCUMENTATION_COMMENTS = YES;
				CLANG_WARN_EMPTY_BODY = YES;
				CLANG_WARN_ENUM_CONVERSION = YES;
				CLANG_WARN_INFINITE_RECURSION = YES;
				CLANG_WARN_INT_CONVERSION = YES;
				CLANG_WARN_NON_LITERAL_NULL_CONVERSION = YES;
				CLANG_WARN_OBJC_IMPLICIT_RETAIN_SELF = YES;
				CLANG_WARN_OBJC_LITERAL_CONVERSION = YES;
				CLANG_WARN_OBJC_ROOT_CLASS = YES_ERROR;
				CLANG_WARN_QUOTED_INCLUDE_IN_FRAMEWORK_HEADER = YES;
				CLANG_WARN_RANGE_LOOP_ANALYSIS = YES;
				CLANG_WARN_STRICT_PROTOTYPES = YES;
				CLANG_WARN_SUSPICIOUS_MOVE = YES;
				CLANG_WARN_UNGUARDED_AVAILABILITY = YES_AGGRESSIVE;
				CLANG_WARN_UNREACHABLE_CODE = YES;
				CLANG_WARN__DUPLICATE_METHOD_MATCH = YES;
				COPY_PHASE_STRIP = NO;
				DEBUG_INFORMATION_FORMAT = dwarf;
				ENABLE_STRICT_OBJC_MSGSEND = YES;
				ENABLE_TESTABILITY = YES;
				GCC_C_LANGUAGE_STANDARD = gnu11;
				GCC_DYNAMIC_NO_PIC = NO;
				GCC_NO_COMMON_BLOCKS = YES;
				GCC_OPTIMIZATION_LEVEL = 0;
				GCC_PREPROCESSOR_DEFINITIONS = (
					"DEBUG=1",
					"$(inherited)",
				);
				GCC_WARN_64_TO_32_BIT_CONVERSION = YES;
				GCC_WARN_ABOUT_RETURN_TYPE = YES_ERROR;
				GCC_WARN_UNDECLARED_SELECTOR = YES;
				GCC_WARN_UNINITIALIZED_AUTOS = YES_AGGRESSIVE;
				GCC_WARN_UNUSED_FUNCTION = YES;
				GCC_WARN_UNUSED_VARIABLE = YES;
				IPHONEOS_DEPLOYMENT_TARGET = 15.4;
				MTL_ENABLE_DEBUG_INFO = INCLUDE_SOURCE;
				MTL_FAST_MATH = YES;
				ONLY_ACTIVE_ARCH = YES;
				SDKROOT = iphoneos;
				SWIFT_ACTIVE_COMPILATION_CONDITIONS = DEBUG;
				SWIFT_OPTIMIZATION_LEVEL = "-Onone";
			};
			name = Debug;
		};
		2E1974A3282FBE6500D8A1B0 /* Release */ = {
			isa = XCBuildConfiguration;
			baseConfigurationReference = 2EB3C8582831B700007236CE /* Config.xcconfig */;
			buildSettings = {
				ALWAYS_SEARCH_USER_PATHS = NO;
				CLANG_ANALYZER_NONNULL = YES;
				CLANG_ANALYZER_NUMBER_OBJECT_CONVERSION = YES_AGGRESSIVE;
				CLANG_CXX_LANGUAGE_STANDARD = "gnu++17";
				CLANG_ENABLE_MODULES = YES;
				CLANG_ENABLE_OBJC_ARC = YES;
				CLANG_ENABLE_OBJC_WEAK = YES;
				CLANG_WARN_BLOCK_CAPTURE_AUTORELEASING = YES;
				CLANG_WARN_BOOL_CONVERSION = YES;
				CLANG_WARN_COMMA = YES;
				CLANG_WARN_CONSTANT_CONVERSION = YES;
				CLANG_WARN_DEPRECATED_OBJC_IMPLEMENTATIONS = YES;
				CLANG_WARN_DIRECT_OBJC_ISA_USAGE = YES_ERROR;
				CLANG_WARN_DOCUMENTATION_COMMENTS = YES;
				CLANG_WARN_EMPTY_BODY = YES;
				CLANG_WARN_ENUM_CONVERSION = YES;
				CLANG_WARN_INFINITE_RECURSION = YES;
				CLANG_WARN_INT_CONVERSION = YES;
				CLANG_WARN_NON_LITERAL_NULL_CONVERSION = YES;
				CLANG_WARN_OBJC_IMPLICIT_RETAIN_SELF = YES;
				CLANG_WARN_OBJC_LITERAL_CONVERSION = YES;
				CLANG_WARN_OBJC_ROOT_CLASS = YES_ERROR;
				CLANG_WARN_QUOTED_INCLUDE_IN_FRAMEWORK_HEADER = YES;
				CLANG_WARN_RANGE_LOOP_ANALYSIS = YES;
				CLANG_WARN_STRICT_PROTOTYPES = YES;
				CLANG_WARN_SUSPICIOUS_MOVE = YES;
				CLANG_WARN_UNGUARDED_AVAILABILITY = YES_AGGRESSIVE;
				CLANG_WARN_UNREACHABLE_CODE = YES;
				CLANG_WARN__DUPLICATE_METHOD_MATCH = YES;
				COPY_PHASE_STRIP = NO;
				DEBUG_INFORMATION_FORMAT = "dwarf-with-dsym";
				ENABLE_NS_ASSERTIONS = NO;
				ENABLE_STRICT_OBJC_MSGSEND = YES;
				GCC_C_LANGUAGE_STANDARD = gnu11;
				GCC_NO_COMMON_BLOCKS = YES;
				GCC_WARN_64_TO_32_BIT_CONVERSION = YES;
				GCC_WARN_ABOUT_RETURN_TYPE = YES_ERROR;
				GCC_WARN_UNDECLARED_SELECTOR = YES;
				GCC_WARN_UNINITIALIZED_AUTOS = YES_AGGRESSIVE;
				GCC_WARN_UNUSED_FUNCTION = YES;
				GCC_WARN_UNUSED_VARIABLE = YES;
				IPHONEOS_DEPLOYMENT_TARGET = 15.4;
				MTL_ENABLE_DEBUG_INFO = NO;
				MTL_FAST_MATH = YES;
				SDKROOT = iphoneos;
				SWIFT_COMPILATION_MODE = wholemodule;
				SWIFT_OPTIMIZATION_LEVEL = "-O";
				VALIDATE_PRODUCT = YES;
			};
			name = Release;
		};
		2E1974A5282FBE6500D8A1B0 /* Debug */ = {
			isa = XCBuildConfiguration;
			buildSettings = {
				ASSETCATALOG_COMPILER_APPICON_NAME = AppIcon;
				ASSETCATALOG_COMPILER_GLOBAL_ACCENT_COLOR_NAME = AccentColor;
				CODE_SIGN_STYLE = Automatic;
				CURRENT_PROJECT_VERSION = 1;
				DEVELOPMENT_ASSET_PATHS = "\"WeatherAppSwiftUI/Preview Content\"";
				DEVELOPMENT_TEAM = D79F8Z2Y9X;
				ENABLE_PREVIEWS = YES;
				GENERATE_INFOPLIST_FILE = YES;
				INFOPLIST_FILE = WeatherAppSwiftUI/Info.plist;
				INFOPLIST_KEY_NSLocationAlwaysAndWhenInUseUsageDescription = "This application needs your location information to provide weather services to you.";
				INFOPLIST_KEY_NSLocationAlwaysUsageDescription = "This application needs your location information to provide weather services to you.";
				INFOPLIST_KEY_NSLocationWhenInUseUsageDescription = "This application needs your location information to provide weather services to you.";
				INFOPLIST_KEY_UIApplicationSceneManifest_Generation = YES;
				INFOPLIST_KEY_UIApplicationSupportsIndirectInputEvents = YES;
				INFOPLIST_KEY_UILaunchScreen_Generation = YES;
				INFOPLIST_KEY_UISupportedInterfaceOrientations_iPad = "UIInterfaceOrientationPortrait UIInterfaceOrientationPortraitUpsideDown UIInterfaceOrientationLandscapeLeft UIInterfaceOrientationLandscapeRight";
				INFOPLIST_KEY_UISupportedInterfaceOrientations_iPhone = UIInterfaceOrientationPortrait;
				LD_RUNPATH_SEARCH_PATHS = (
					"$(inherited)",
					"@executable_path/Frameworks",
				);
				MARKETING_VERSION = 1.0;
				PRODUCT_BUNDLE_IDENTIFIER = com.buraktuncdev.WeatherAppSwiftUI;
				PRODUCT_NAME = "$(TARGET_NAME)";
				SWIFT_EMIT_LOC_STRINGS = YES;
				SWIFT_VERSION = 5.0;
				TARGETED_DEVICE_FAMILY = "1,2";
			};
			name = Debug;
		};
		2E1974A6282FBE6500D8A1B0 /* Release */ = {
			isa = XCBuildConfiguration;
			buildSettings = {
				ASSETCATALOG_COMPILER_APPICON_NAME = AppIcon;
				ASSETCATALOG_COMPILER_GLOBAL_ACCENT_COLOR_NAME = AccentColor;
				CODE_SIGN_STYLE = Automatic;
				CURRENT_PROJECT_VERSION = 1;
				DEVELOPMENT_ASSET_PATHS = "\"WeatherAppSwiftUI/Preview Content\"";
				DEVELOPMENT_TEAM = D79F8Z2Y9X;
				ENABLE_PREVIEWS = YES;
				GENERATE_INFOPLIST_FILE = YES;
				INFOPLIST_FILE = WeatherAppSwiftUI/Info.plist;
				INFOPLIST_KEY_NSLocationAlwaysAndWhenInUseUsageDescription = "This application needs your location information to provide weather services to you.";
				INFOPLIST_KEY_NSLocationAlwaysUsageDescription = "This application needs your location information to provide weather services to you.";
				INFOPLIST_KEY_NSLocationWhenInUseUsageDescription = "This application needs your location information to provide weather services to you.";
				INFOPLIST_KEY_UIApplicationSceneManifest_Generation = YES;
				INFOPLIST_KEY_UIApplicationSupportsIndirectInputEvents = YES;
				INFOPLIST_KEY_UILaunchScreen_Generation = YES;
				INFOPLIST_KEY_UISupportedInterfaceOrientations_iPad = "UIInterfaceOrientationPortrait UIInterfaceOrientationPortraitUpsideDown UIInterfaceOrientationLandscapeLeft UIInterfaceOrientationLandscapeRight";
				INFOPLIST_KEY_UISupportedInterfaceOrientations_iPhone = UIInterfaceOrientationPortrait;
				LD_RUNPATH_SEARCH_PATHS = (
					"$(inherited)",
					"@executable_path/Frameworks",
				);
				MARKETING_VERSION = 1.0;
				PRODUCT_BUNDLE_IDENTIFIER = com.buraktuncdev.WeatherAppSwiftUI;
				PRODUCT_NAME = "$(TARGET_NAME)";
				SWIFT_EMIT_LOC_STRINGS = YES;
				SWIFT_VERSION = 5.0;
				TARGETED_DEVICE_FAMILY = "1,2";
			};
			name = Release;
		};
		2E1974A8282FBE6500D8A1B0 /* Debug */ = {
			isa = XCBuildConfiguration;
			buildSettings = {
				ALWAYS_EMBED_SWIFT_STANDARD_LIBRARIES = YES;
				BUNDLE_LOADER = "$(TEST_HOST)";
				CODE_SIGN_STYLE = Automatic;
				CURRENT_PROJECT_VERSION = 1;
				DEVELOPMENT_TEAM = D79F8Z2Y9X;
				GENERATE_INFOPLIST_FILE = YES;
				IPHONEOS_DEPLOYMENT_TARGET = 15.4;
				MARKETING_VERSION = 1.0;
				PRODUCT_BUNDLE_IDENTIFIER = com.buraktuncdev.WeatherAppSwiftUITests;
				PRODUCT_NAME = "$(TARGET_NAME)";
				SWIFT_EMIT_LOC_STRINGS = NO;
				SWIFT_VERSION = 5.0;
				TARGETED_DEVICE_FAMILY = "1,2";
				TEST_HOST = "$(BUILT_PRODUCTS_DIR)/WeatherAppSwiftUI.app/WeatherAppSwiftUI";
			};
			name = Debug;
		};
		2E1974A9282FBE6500D8A1B0 /* Release */ = {
			isa = XCBuildConfiguration;
			buildSettings = {
				ALWAYS_EMBED_SWIFT_STANDARD_LIBRARIES = YES;
				BUNDLE_LOADER = "$(TEST_HOST)";
				CODE_SIGN_STYLE = Automatic;
				CURRENT_PROJECT_VERSION = 1;
				DEVELOPMENT_TEAM = D79F8Z2Y9X;
				GENERATE_INFOPLIST_FILE = YES;
				IPHONEOS_DEPLOYMENT_TARGET = 15.4;
				MARKETING_VERSION = 1.0;
				PRODUCT_BUNDLE_IDENTIFIER = com.buraktuncdev.WeatherAppSwiftUITests;
				PRODUCT_NAME = "$(TARGET_NAME)";
				SWIFT_EMIT_LOC_STRINGS = NO;
				SWIFT_VERSION = 5.0;
				TARGETED_DEVICE_FAMILY = "1,2";
				TEST_HOST = "$(BUILT_PRODUCTS_DIR)/WeatherAppSwiftUI.app/WeatherAppSwiftUI";
			};
			name = Release;
		};
		2E1974AB282FBE6500D8A1B0 /* Debug */ = {
			isa = XCBuildConfiguration;
			buildSettings = {
				ALWAYS_EMBED_SWIFT_STANDARD_LIBRARIES = YES;
				CODE_SIGN_STYLE = Automatic;
				CURRENT_PROJECT_VERSION = 1;
				DEVELOPMENT_TEAM = D79F8Z2Y9X;
				GENERATE_INFOPLIST_FILE = YES;
				MARKETING_VERSION = 1.0;
				PRODUCT_BUNDLE_IDENTIFIER = com.buraktuncdev.WeatherAppSwiftUIUITests;
				PRODUCT_NAME = "$(TARGET_NAME)";
				SWIFT_EMIT_LOC_STRINGS = NO;
				SWIFT_VERSION = 5.0;
				TARGETED_DEVICE_FAMILY = "1,2";
				TEST_TARGET_NAME = WeatherAppSwiftUI;
			};
			name = Debug;
		};
		2E1974AC282FBE6500D8A1B0 /* Release */ = {
			isa = XCBuildConfiguration;
			buildSettings = {
				ALWAYS_EMBED_SWIFT_STANDARD_LIBRARIES = YES;
				CODE_SIGN_STYLE = Automatic;
				CURRENT_PROJECT_VERSION = 1;
				DEVELOPMENT_TEAM = D79F8Z2Y9X;
				GENERATE_INFOPLIST_FILE = YES;
				MARKETING_VERSION = 1.0;
				PRODUCT_BUNDLE_IDENTIFIER = com.buraktuncdev.WeatherAppSwiftUIUITests;
				PRODUCT_NAME = "$(TARGET_NAME)";
				SWIFT_EMIT_LOC_STRINGS = NO;
				SWIFT_VERSION = 5.0;
				TARGETED_DEVICE_FAMILY = "1,2";
				TEST_TARGET_NAME = WeatherAppSwiftUI;
			};
			name = Release;
		};
/* End XCBuildConfiguration section */

/* Begin XCConfigurationList section */
		2E19747B282FBE6200D8A1B0 /* Build configuration list for PBXProject "WeatherAppSwiftUI" */ = {
			isa = XCConfigurationList;
			buildConfigurations = (
				2E1974A2282FBE6500D8A1B0 /* Debug */,
				2E1974A3282FBE6500D8A1B0 /* Release */,
			);
			defaultConfigurationIsVisible = 0;
			defaultConfigurationName = Release;
		};
		2E1974A4282FBE6500D8A1B0 /* Build configuration list for PBXNativeTarget "WeatherAppSwiftUI" */ = {
			isa = XCConfigurationList;
			buildConfigurations = (
				2E1974A5282FBE6500D8A1B0 /* Debug */,
				2E1974A6282FBE6500D8A1B0 /* Release */,
			);
			defaultConfigurationIsVisible = 0;
			defaultConfigurationName = Release;
		};
		2E1974A7282FBE6500D8A1B0 /* Build configuration list for PBXNativeTarget "WeatherAppSwiftUITests" */ = {
			isa = XCConfigurationList;
			buildConfigurations = (
				2E1974A8282FBE6500D8A1B0 /* Debug */,
				2E1974A9282FBE6500D8A1B0 /* Release */,
			);
			defaultConfigurationIsVisible = 0;
			defaultConfigurationName = Release;
		};
		2E1974AA282FBE6500D8A1B0 /* Build configuration list for PBXNativeTarget "WeatherAppSwiftUIUITests" */ = {
			isa = XCConfigurationList;
			buildConfigurations = (
				2E1974AB282FBE6500D8A1B0 /* Debug */,
				2E1974AC282FBE6500D8A1B0 /* Release */,
			);
			defaultConfigurationIsVisible = 0;
			defaultConfigurationName = Release;
		};
/* End XCConfigurationList section */

/* Begin XCRemoteSwiftPackageReference section */
		2EB3C84A2831B619007236CE /* XCRemoteSwiftPackageReference "lottie-ios" */ = {
			isa = XCRemoteSwiftPackageReference;
			repositoryURL = "https://github.com/airbnb/lottie-ios.git";
			requirement = {
				kind = upToNextMajorVersion;
				minimumVersion = 3.0.0;
			};
		};
		2EC62F8228303E6C00A01E45 /* XCRemoteSwiftPackageReference "WeatherAppNetwork" */ = {
			isa = XCRemoteSwiftPackageReference;
			repositoryURL = "https://github.com/buraktuncdev/WeatherAppNetwork.git";
			requirement = {
				branch = main;
				kind = branch;
			};
		};
		2EC62F8D2830470800A01E45 /* XCRemoteSwiftPackageReference "WeatherAppLogger" */ = {
			isa = XCRemoteSwiftPackageReference;
			repositoryURL = "https://github.com/buraktuncdev/WeatherAppLogger.git";
			requirement = {
				branch = main;
				kind = branch;
			};
		};
/* End XCRemoteSwiftPackageReference section */

/* Begin XCSwiftPackageProductDependency section */
		2EB3C84B2831B619007236CE /* Lottie */ = {
			isa = XCSwiftPackageProductDependency;
			package = 2EB3C84A2831B619007236CE /* XCRemoteSwiftPackageReference "lottie-ios" */;
			productName = Lottie;
		};
		2EC62F8328303E6C00A01E45 /* WeatherAppNetwork */ = {
			isa = XCSwiftPackageProductDependency;
			package = 2EC62F8228303E6C00A01E45 /* XCRemoteSwiftPackageReference "WeatherAppNetwork" */;
			productName = WeatherAppNetwork;
		};
		2EC62F8E2830470800A01E45 /* WeatherAppLogger */ = {
			isa = XCSwiftPackageProductDependency;
			package = 2EC62F8D2830470800A01E45 /* XCRemoteSwiftPackageReference "WeatherAppLogger" */;
			productName = WeatherAppLogger;
		};
/* End XCSwiftPackageProductDependency section */
	};
	rootObject = 2E197478282FBE6200D8A1B0 /* Project object */;
}
